// !$*UTF8*$!
{
	archiveVersion = 1;
	classes = {
	};
	objectVersion = 50;
	objects = {

/* Begin PBXBuildFile section */
		2AA33800C9FBB679025DD6E8 /* Pods_Swift06.framework in Frameworks */ = {isa = PBXBuildFile; fileRef = D08DC50E8318947F0D2446C7 /* Pods_Swift06.framework */; };
		88A2294B2452BCAF00C0A67C /* AppDelegate.swift in Sources */ = {isa = PBXBuildFile; fileRef = 88A2294A2452BCAF00C0A67C /* AppDelegate.swift */; };
		88A2294D2452BCAF00C0A67C /* SceneDelegate.swift in Sources */ = {isa = PBXBuildFile; fileRef = 88A2294C2452BCAF00C0A67C /* SceneDelegate.swift */; };
		88A2294F2452BCAF00C0A67C /* ViewController.swift in Sources */ = {isa = PBXBuildFile; fileRef = 88A2294E2452BCAF00C0A67C /* ViewController.swift */; };
		88A229522452BCAF00C0A67C /* Main.storyboard in Resources */ = {isa = PBXBuildFile; fileRef = 88A229502452BCAF00C0A67C /* Main.storyboard */; };
		88A229542452BCB600C0A67C /* Assets.xcassets in Resources */ = {isa = PBXBuildFile; fileRef = 88A229532452BCB600C0A67C /* Assets.xcassets */; };
		88A229572452BCB600C0A67C /* LaunchScreen.storyboard in Resources */ = {isa = PBXBuildFile; fileRef = 88A229552452BCB600C0A67C /* LaunchScreen.storyboard */; };
/* End PBXBuildFile section */

/* Begin PBXFileReference section */
		46A2A948CCB01D1388499501 /* Pods-Swift06.debug.xcconfig */ = {isa = PBXFileReference; includeInIndex = 1; lastKnownFileType = text.xcconfig; name = "Pods-Swift06.debug.xcconfig"; path = "Target Support Files/Pods-Swift06/Pods-Swift06.debug.xcconfig"; sourceTree = "<group>"; };
		88A229472452BCAF00C0A67C /* Swift06.app */ = {isa = PBXFileReference; explicitFileType = wrapper.application; includeInIndex = 0; path = Swift06.app; sourceTree = BUILT_PRODUCTS_DIR; };
		88A2294A2452BCAF00C0A67C /* AppDelegate.swift */ = {isa = PBXFileReference; lastKnownFileType = sourcecode.swift; path = AppDelegate.swift; sourceTree = "<group>"; };
		88A2294C2452BCAF00C0A67C /* SceneDelegate.swift */ = {isa = PBXFileReference; lastKnownFileType = sourcecode.swift; path = SceneDelegate.swift; sourceTree = "<group>"; };
		88A2294E2452BCAF00C0A67C /* ViewController.swift */ = {isa = PBXFileReference; lastKnownFileType = sourcecode.swift; path = ViewController.swift; sourceTree = "<group>"; };
		88A229512452BCAF00C0A67C /* Base */ = {isa = PBXFileReference; lastKnownFileType = file.storyboard; name = Base; path = Base.lproj/Main.storyboard; sourceTree = "<group>"; };
		88A229532452BCB600C0A67C /* Assets.xcassets */ = {isa = PBXFileReference; lastKnownFileType = folder.assetcatalog; path = Assets.xcassets; sourceTree = "<group>"; };
		88A229562452BCB600C0A67C /* Base */ = {isa = PBXFileReference; lastKnownFileType = file.storyboard; name = Base; path = Base.lproj/LaunchScreen.storyboard; sourceTree = "<group>"; };
		88A229582452BCB600C0A67C /* Info.plist */ = {isa = PBXFileReference; lastKnownFileType = text.plist.xml; path = Info.plist; sourceTree = "<group>"; };
		8FF641E3267930954A4C28B7 /* Pods-Swift06.release.xcconfig */ = {isa = PBXFileReference; includeInIndex = 1; lastKnownFileType = text.xcconfig; name = "Pods-Swift06.release.xcconfig"; path = "Target Support Files/Pods-Swift06/Pods-Swift06.release.xcconfig"; sourceTree = "<group>"; };
		D08DC50E8318947F0D2446C7 /* Pods_Swift06.framework */ = {isa = PBXFileReference; explicitFileType = wrapper.framework; includeInIndex = 0; path = Pods_Swift06.framework; sourceTree = BUILT_PRODUCTS_DIR; };
/* End PBXFileReference section */

/* Begin PBXFrameworksBuildPhase section */
		88A229442452BCAF00C0A67C /* Frameworks */ = {
			isa = PBXFrameworksBuildPhase;
			buildActionMask = 2147483647;
			files = (
				2AA33800C9FBB679025DD6E8 /* Pods_Swift06.framework in Frameworks */,
			);
			runOnlyForDeploymentPostprocessing = 0;
		};
/* End PBXFrameworksBuildPhase section */

/* Begin PBXGroup section */
		88A2293E2452BCAF00C0A67C = {
			isa = PBXGroup;
			children = (
				88A229492452BCAF00C0A67C /* Swift06 */,
				88A229482452BCAF00C0A67C /* Products */,
				894F4FA5012A26BE7EA924B0 /* Pods */,
				8B18B26264CD7A38EEA17745 /* Frameworks */,
			);
			sourceTree = "<group>";
		};
		88A229482452BCAF00C0A67C /* Products */ = {
			isa = PBXGroup;
			children = (
				88A229472452BCAF00C0A67C /* Swift06.app */,
			);
			name = Products;
			sourceTree = "<group>";
		};
		88A229492452BCAF00C0A67C /* Swift06 */ = {
			isa = PBXGroup;
			children = (
				88A2294A2452BCAF00C0A67C /* AppDelegate.swift */,
				88A2294C2452BCAF00C0A67C /* SceneDelegate.swift */,
				88A2294E2452BCAF00C0A67C /* ViewController.swift */,
				88A229502452BCAF00C0A67C /* Main.storyboard */,
				88A229532452BCB600C0A67C /* Assets.xcassets */,
				88A229552452BCB600C0A67C /* LaunchScreen.storyboard */,
				88A229582452BCB600C0A67C /* Info.plist */,
			);
			path = Swift06;
			sourceTree = "<group>";
		};
		894F4FA5012A26BE7EA924B0 /* Pods */ = {
			isa = PBXGroup;
			children = (
				46A2A948CCB01D1388499501 /* Pods-Swift06.debug.xcconfig */,
				8FF641E3267930954A4C28B7 /* Pods-Swift06.release.xcconfig */,
			);
			name = Pods;
			path = Pods;
			sourceTree = "<group>";
		};
		8B18B26264CD7A38EEA17745 /* Frameworks */ = {
			isa = PBXGroup;
			children = (
				D08DC50E8318947F0D2446C7 /* Pods_Swift06.framework */,
			);
			name = Frameworks;
			sourceTree = "<group>";
		};
/* End PBXGroup section */

/* Begin PBXNativeTarget section */
		88A229462452BCAF00C0A67C /* Swift06 */ = {
			isa = PBXNativeTarget;
			buildConfigurationList = 88A2295B2452BCB600C0A67C /* Build configuration list for PBXNativeTarget "Swift06" */;
			buildPhases = (
				810603EB20584626662489FF /* [CP] Check Pods Manifest.lock */,
				88A229432452BCAF00C0A67C /* Sources */,
				88A229442452BCAF00C0A67C /* Frameworks */,
				88A229452452BCAF00C0A67C /* Resources */,
				46F6A30CB8C3805616D860B1 /* [CP] Embed Pods Frameworks */,
			);
			buildRules = (
			);
			dependencies = (
			);
			name = Swift06;
			productName = Swift06;
			productReference = 88A229472452BCAF00C0A67C /* Swift06.app */;
			productType = "com.apple.product-type.application";
		};
/* End PBXNativeTarget section */

/* Begin PBXProject section */
		88A2293F2452BCAF00C0A67C /* Project object */ = {
			isa = PBXProject;
			attributes = {
				LastSwiftUpdateCheck = 1130;
				LastUpgradeCheck = 1130;
				ORGANIZATIONNAME = "王铁刚";
				TargetAttributes = {
					88A229462452BCAF00C0A67C = {
						CreatedOnToolsVersion = 11.3.1;
					};
				};
			};
			buildConfigurationList = 88A229422452BCAF00C0A67C /* Build configuration list for PBXProject "Swift06" */;
			compatibilityVersion = "Xcode 9.3";
			developmentRegion = en;
			hasScannedForEncodings = 0;
			knownRegions = (
				en,
				Base,
			);
			mainGroup = 88A2293E2452BCAF00C0A67C;
			productRefGroup = 88A229482452BCAF00C0A67C /* Products */;
			projectDirPath = "";
			projectRoot = "";
			targets = (
				88A229462452BCAF00C0A67C /* Swift06 */,
			);
		};
/* End PBXProject section */

/* Begin PBXResourcesBuildPhase section */
		88A229452452BCAF00C0A67C /* Resources */ = {
			isa = PBXResourcesBuildPhase;
			buildActionMask = 2147483647;
			files = (
				88A229572452BCB600C0A67C /* LaunchScreen.storyboard in Resources */,
				88A229542452BCB600C0A67C /* Assets.xcassets in Resources */,
				88A229522452BCAF00C0A67C /* Main.storyboard in Resources */,
			);
			runOnlyForDeploymentPostprocessing = 0;
		};
/* End PBXResourcesBuildPhase section */

/* Begin PBXShellScriptBuildPhase section */
		46F6A30CB8C3805616D860B1 /* [CP] Embed Pods Frameworks */ = {
			isa = PBXShellScriptBuildPhase;
			buildActionMask = 2147483647;
			files = (
			);
			inputFileListPaths = (
				"${PODS_ROOT}/Target Support Files/Pods-Swift06/Pods-Swift06-frameworks-${CONFIGURATION}-input-files.xcfilelist",
			);
			name = "[CP] Embed Pods Frameworks";
			outputFileListPaths = (
				"${PODS_ROOT}/Target Support Files/Pods-Swift06/Pods-Swift06-frameworks-${CONFIGURATION}-output-files.xcfilelist",
			);
			runOnlyForDeploymentPostprocessing = 0;
			shellPath = /bin/sh;
			shellScript = "\"${PODS_ROOT}/Target Support Files/Pods-Swift06/Pods-Swift06-frameworks.sh\"\n";
			showEnvVarsInLog = 0;
		};
		810603EB20584626662489FF /* [CP] Check Pods Manifest.lock */ = {
			isa = PBXShellScriptBuildPhase;
			buildActionMask = 2147483647;
			files = (
			);
			inputFileListPaths = (
			);
			inputPaths = (
				"${PODS_PODFILE_DIR_PATH}/Podfile.lock",
				"${PODS_ROOT}/Manifest.lock",
			);
			name = "[CP] Check Pods Manifest.lock";
			outputFileListPaths = (
			);
			outputPaths = (
				"$(DERIVED_FILE_DIR)/Pods-Swift06-checkManifestLockResult.txt",
			);
			runOnlyForDeploymentPostprocessing = 0;
			shellPath = /bin/sh;
			shellScript = "diff \"${PODS_PODFILE_DIR_PATH}/Podfile.lock\" \"${PODS_ROOT}/Manifest.lock\" > /dev/null\nif [ $? != 0 ] ; then\n    # print error to STDERR\n    echo \"error: The sandbox is not in sync with the Podfile.lock. Run 'pod install' or update your CocoaPods installation.\" >&2\n    exit 1\nfi\n# This output is used by Xcode 'outputs' to avoid re-running this script phase.\necho \"SUCCESS\" > \"${SCRIPT_OUTPUT_FILE_0}\"\n";
			showEnvVarsInLog = 0;
		};
/* End PBXShellScriptBuildPhase section */

/* Begin PBXSourcesBuildPhase section */
		88A229432452BCAF00C0A67C /* Sources */ = {
			isa = PBXSourcesBuildPhase;
			buildActionMask = 2147483647;
			files = (
				88A2294F2452BCAF00C0A67C /* ViewController.swift in Sources */,
				88A2294B2452BCAF00C0A67C /* AppDelegate.swift in Sources */,
				88A2294D2452BCAF00C0A67C /* SceneDelegate.swift in Sources */,
			);
			runOnlyForDeploymentPostprocessing = 0;
		};
/* End PBXSourcesBuildPhase section */

/* Begin PBXVariantGroup section */
		88A229502452BCAF00C0A67C /* Main.storyboard */ = {
			isa = PBXVariantGroup;
			children = (
				88A229512452BCAF00C0A67C /* Base */,
			);
			name = Main.storyboard;
			sourceTree = "<group>";
		};
		88A229552452BCB600C0A67C /* LaunchScreen.storyboard */ = {
			isa = PBXVariantGroup;
			children = (
				88A229562452BCB600C0A67C /* Base */,
			);
			name = LaunchScreen.storyboard;
			sourceTree = "<group>";
		};
/* End PBXVariantGroup section */

/* Begin XCBuildConfiguration section */
		88A229592452BCB600C0A67C /* Debug */ = {
			isa = XCBuildConfiguration;
			buildSettings = {
				ALWAYS_SEARCH_USER_PATHS = NO;
				CLANG_ANALYZER_NONNULL = YES;
				CLANG_ANALYZER_NUMBER_OBJECT_CONVERSION = YES_AGGRESSIVE;
				CLANG_CXX_LANGUAGE_STANDARD = "gnu++14";
				CLANG_CXX_LIBRARY = "libc++";
				CLANG_ENABLE_MODULES = YES;
				CLANG_ENABLE_OBJC_ARC = YES;
				CLANG_ENABLE_OBJC_WEAK = YES;
				CLANG_WARN_BLOCK_CAPTURE_AUTORELEASING = YES;
				CLANG_WARN_BOOL_CONVERSION = YES;
				CLANG_WARN_COMMA = YES;
				CLANG_WARN_CONSTANT_CONVERSION = YES;
				CLANG_WARN_DEPRECATED_OBJC_IMPLEMENTATIONS = YES;
				CLANG_WARN_DIRECT_OBJC_ISA_USAGE = YES_ERROR;
				CLANG_WARN_DOCUMENTATION_COMMENTS = YES;
				CLANG_WARN_EMPTY_BODY = YES;
				CLANG_WARN_ENUM_CONVERSION = YES;
				CLANG_WARN_INFINITE_RECURSION = YES;
				CLANG_WARN_INT_CONVERSION = YES;
				CLANG_WARN_NON_LITERAL_NULL_CONVERSION = YES;
				CLANG_WARN_OBJC_IMPLICIT_RETAIN_SELF = YES;
				CLANG_WARN_OBJC_LITERAL_CONVERSION = YES;
				CLANG_WARN_OBJC_ROOT_CLASS = YES_ERROR;
				CLANG_WARN_RANGE_LOOP_ANALYSIS = YES;
				CLANG_WARN_STRICT_PROTOTYPES = YES;
				CLANG_WARN_SUSPICIOUS_MOVE = YES;
				CLANG_WARN_UNGUARDED_AVAILABILITY = YES_AGGRESSIVE;
				CLANG_WARN_UNREACHABLE_CODE = YES;
				CLANG_WARN__DUPLICATE_METHOD_MATCH = YES;
				COPY_PHASE_STRIP = NO;
				DEBUG_INFORMATION_FORMAT = dwarf;
				ENABLE_STRICT_OBJC_MSGSEND = YES;
				ENABLE_TESTABILITY = YES;
				GCC_C_LANGUAGE_STANDARD = gnu11;
				GCC_DYNAMIC_NO_PIC = NO;
				GCC_NO_COMMON_BLOCKS = YES;
				GCC_OPTIMIZATION_LEVEL = 0;
				GCC_PREPROCESSOR_DEFINITIONS = (
					"DEBUG=1",
					"$(inherited)",
				);
				GCC_WARN_64_TO_32_BIT_CONVERSION = YES;
				GCC_WARN_ABOUT_RETURN_TYPE = YES_ERROR;
				GCC_WARN_UNDECLARED_SELECTOR = YES;
				GCC_WARN_UNINITIALIZED_AUTOS = YES_AGGRESSIVE;
				GCC_WARN_UNUSED_FUNCTION = YES;
				GCC_WARN_UNUSED_VARIABLE = YES;
				IPHONEOS_DEPLOYMENT_TARGET = 13.2;
				MTL_ENABLE_DEBUG_INFO = INCLUDE_SOURCE;
				MTL_FAST_MATH = YES;
				ONLY_ACTIVE_ARCH = YES;
				SDKROOT = iphoneos;
				SWIFT_ACTIVE_COMPILATION_CONDITIONS = DEBUG;
				SWIFT_OPTIMIZATION_LEVEL = "-Onone";
			};
			name = Debug;
		};
		88A2295A2452BCB600C0A67C /* Release */ = {
			isa = XCBuildConfiguration;
			buildSettings = {
				ALWAYS_SEARCH_USER_PATHS = NO;
				CLANG_ANALYZER_NONNULL = YES;
				CLANG_ANALYZER_NUMBER_OBJECT_CONVERSION = YES_AGGRESSIVE;
				CLANG_CXX_LANGUAGE_STANDARD = "gnu++14";
				CLANG_CXX_LIBRARY = "libc++";
				CLANG_ENABLE_MODULES = YES;
				CLANG_ENABLE_OBJC_ARC = YES;
				CLANG_ENABLE_OBJC_WEAK = YES;
				CLANG_WARN_BLOCK_CAPTURE_AUTORELEASING = YES;
				CLANG_WARN_BOOL_CONVERSION = YES;
				CLANG_WARN_COMMA = YES;
				CLANG_WARN_CONSTANT_CONVERSION = YES;
				CLANG_WARN_DEPRECATED_OBJC_IMPLEMENTATIONS = YES;
				CLANG_WARN_DIRECT_OBJC_ISA_USAGE = YES_ERROR;
				CLANG_WARN_DOCUMENTATION_COMMENTS = YES;
				CLANG_WARN_EMPTY_BODY = YES;
				CLANG_WARN_ENUM_CONVERSION = YES;
				CLANG_WARN_INFINITE_RECURSION = YES;
				CLANG_WARN_INT_CONVERSION = YES;
				CLANG_WARN_NON_LITERAL_NULL_CONVERSION = YES;
				CLANG_WARN_OBJC_IMPLICIT_RETAIN_SELF = YES;
				CLANG_WARN_OBJC_LITERAL_CONVERSION = YES;
				CLANG_WARN_OBJC_ROOT_CLASS = YES_ERROR;
				CLANG_WARN_RANGE_LOOP_ANALYSIS = YES;
				CLANG_WARN_STRICT_PROTOTYPES = YES;
				CLANG_WARN_SUSPICIOUS_MOVE = YES;
				CLANG_WARN_UNGUARDED_AVAILABILITY = YES_AGGRESSIVE;
				CLANG_WARN_UNREACHABLE_CODE = YES;
				CLANG_WARN__DUPLICATE_METHOD_MATCH = YES;
				COPY_PHASE_STRIP = NO;
				DEBUG_INFORMATION_FORMAT = "dwarf-with-dsym";
				ENABLE_NS_ASSERTIONS = NO;
				ENABLE_STRICT_OBJC_MSGSEND = YES;
				GCC_C_LANGUAGE_STANDARD = gnu11;
				GCC_NO_COMMON_BLOCKS = YES;
				GCC_WARN_64_TO_32_BIT_CONVERSION = YES;
				GCC_WARN_ABOUT_RETURN_TYPE = YES_ERROR;
				GCC_WARN_UNDECLARED_SELECTOR = YES;
				GCC_WARN_UNINITIALIZED_AUTOS = YES_AGGRESSIVE;
				GCC_WARN_UNUSED_FUNCTION = YES;
				GCC_WARN_UNUSED_VARIABLE = YES;
				IPHONEOS_DEPLOYMENT_TARGET = 13.2;
				MTL_ENABLE_DEBUG_INFO = NO;
				MTL_FAST_MATH = YES;
				SDKROOT = iphoneos;
				SWIFT_COMPILATION_MODE = wholemodule;
				SWIFT_OPTIMIZATION_LEVEL = "-O";
				VALIDATE_PRODUCT = YES;
			};
			name = Release;
		};
		88A2295C2452BCB600C0A67C /* Debug */ = {
			isa = XCBuildConfiguration;
			baseConfigurationReference = 46A2A948CCB01D1388499501 /* Pods-Swift06.debug.xcconfig */;
			buildSettings = {
				ASSETCATALOG_COMPILER_APPICON_NAME = AppIcon;
				CODE_SIGN_STYLE = Automatic;
				INFOPLIST_FILE = Swift06/Info.plist;
				LD_RUNPATH_SEARCH_PATHS = (
					"$(inherited)",
					"@executable_path/Frameworks",
				);
				PRODUCT_BUNDLE_IDENTIFIER = com.kakashi.Swift06;
				PRODUCT_NAME = "$(TARGET_NAME)";
				SWIFT_VERSION = 5.0;
				TARGETED_DEVICE_FAMILY = "1,2";
			};
			name = Debug;
		};
		88A2295D2452BCB600C0A67C /* Release */ = {
			isa = XCBuildConfiguration;
			baseConfigurationReference = 8FF641E3267930954A4C28B7 /* Pods-Swift06.release.xcconfig */;
			buildSettings = {
				ASSETCATALOG_COMPILER_APPICON_NAME = AppIcon;
				CODE_SIGN_STYLE = Automatic;
				INFOPLIST_FILE = Swift06/Info.plist;
				LD_RUNPATH_SEARCH_PATHS = (
					"$(inherited)",
					"@executable_path/Frameworks",
				);
				PRODUCT_BUNDLE_IDENTIFIER = com.kakashi.Swift06;
				PRODUCT_NAME = "$(TARGET_NAME)";
				SWIFT_VERSION = 5.0;
				TARGETED_DEVICE_FAMILY = "1,2";
			};
			name = Release;
		};
/* End XCBuildConfiguration section */

/* Begin XCConfigurationList section */
		88A229422452BCAF00C0A67C /* Build configuration list for PBXProject "Swift06" */ = {
			isa = XCConfigurationList;
			buildConfigurations = (
				88A229592452BCB600C0A67C /* Debug */,
				88A2295A2452BCB600C0A67C /* Release */,
			);
			defaultConfigurationIsVisible = 0;
			defaultConfigurationName = Release;
		};
		88A2295B2452BCB600C0A67C /* Build configuration list for PBXNativeTarget "Swift06" */ = {
			isa = XCConfigurationList;
			buildConfigurations = (
				88A2295C2452BCB600C0A67C /* Debug */,
				88A2295D2452BCB600C0A67C /* Release */,
			);
			defaultConfigurationIsVisible = 0;
			defaultConfigurationName = Release;
		};
/* End XCConfigurationList section */
	};
	rootObject = 88A2293F2452BCAF00C0A67C /* Project object */;
}
